
Microsoft Visual Studio Solution File, Format Version 12.00
# Visual Studio Version 16
VisualStudioVersion = 16.0.32002.261
MinimumVisualStudioVersion = 10.0.40219.1
Project("{FAE04EC0-301F-11D3-BF4B-00C04F79EFBC}") = "Tinno", "Tinno\Tinno.csproj", "{7C9A7F51-B9D1-4E4A-BE3D-872A2F2A5E48}"
EndProject
Project("{FAE04EC0-301F-11D3-BF4B-00C04F79EFBC}") = "Common", "Common\Common.csproj", "{7D165653-C4ED-4CEE-B081-D0E228F773A5}"
EndProject
Global
	GlobalSection(SolutionConfigurationPlatforms) = preSolution
		Debug|Any CPU = Debug|Any CPU
		Release|Any CPU = Release|Any CPU
	EndGlobalSection
	GlobalSection(ProjectConfigurationPlatforms) = postSolution
		{7C9A7F51-B9D1-4E4A-BE3D-872A2F2A5E48}.Debug|Any CPU.ActiveCfg = Debug|Any CPU
		{7C9A7F51-B9D1-4E4A-BE3D-872A2F2A5E48}.Debug|Any CPU.Build.0 = Debug|Any CPU
		{7C9A7F51-B9D1-4E4A-BE3D-872A2F2A5E48}.Release|Any CPU.ActiveCfg = Release|Any CPU
		{7C9A7F51-B9D1-4E4A-BE3D-872A2F2A5E48}.Release|Any CPU.Build.0 = Release|Any CPU
		{7D165653-C4ED-4CEE-B081-D0E228F773A5}.Debug|Any CPU.ActiveCfg = Debug|Any CPU
		{7D165653-C4ED-4CEE-B081-D0E228F773A5}.Debug|Any CPU.Build.0 = Debug|Any CPU
		{7D165653-C4ED-4CEE-B081-D0E228F773A5}.Release|Any CPU.ActiveCfg = Release|Any CPU
		{7D165653-C4ED-4CEE-B081-D0E228F773A5}.Release|Any CPU.Build.0 = Release|Any CPU
	EndGlobalSection
	GlobalSection(SolutionProperties) = preSolution
		HideSolutionNode = FALSE
	EndGlobalSection
	GlobalSection(ExtensibilityGlobals) = postSolution
		SolutionGuid = {09B035A2-1C8A-43B6-8EC8-367822BDEC36}
	EndGlobalSection
EndGlobal
